
Microsoft Visual Studio Solution File, Format Version 12.00
# Visual Studio 15
Project("{FAE04EC0-301F-11D3-BF4B-00C04F79EFBC}") = "Assembly-CSharp", "Assembly-CSharp.csproj", "{9F14CDE2-D631-B0E8-F4CB-1B019940F3BB}"
EndProject
Project("{FAE04EC0-301F-11D3-BF4B-00C04F79EFBC}") = "ZFBrowser-Editor", "ZFBrowser-Editor.csproj", "{B10318E5-3BC0-28DA-FC95-238297829D4F}"
EndProject
Project("{FAE04EC0-301F-11D3-BF4B-00C04F79EFBC}") = "ZFBrowser", "ZFBrowser.csproj", "{9BF7AF99-3E0E-A6DC-E17E-E2CC5491D078}"
EndProject
Global
	GlobalSection(SolutionConfigurationPlatforms) = preSolution
		Debug|Any CPU = Debug|Any CPU
		Release|Any CPU = Release|Any CPU
	EndGlobalSection
	GlobalSection(ProjectConfigurationPlatforms) = postSolution
		{9F14CDE2-D631-B0E8-F4CB-1B019940F3BB}.Debug|Any CPU.ActiveCfg = Debug|Any CPU
		{9F14CDE2-D631-B0E8-F4CB-1B019940F3BB}.Debug|Any CPU.Build.0 = Debug|Any CPU
		{9F14CDE2-D631-B0E8-F4CB-1B019940F3BB}.Release|Any CPU.ActiveCfg = Release|Any CPU
		{9F14CDE2-D631-B0E8-F4CB-1B019940F3BB}.Release|Any CPU.Build.0 = Release|Any CPU
		{B10318E5-3BC0-28DA-FC95-238297829D4F}.Debug|Any CPU.ActiveCfg = Debug|Any CPU
		{B10318E5-3BC0-28DA-FC95-238297829D4F}.Debug|Any CPU.Build.0 = Debug|Any CPU
		{B10318E5-3BC0-28DA-FC95-238297829D4F}.Release|Any CPU.ActiveCfg = Release|Any CPU
		{B10318E5-3BC0-28DA-FC95-238297829D4F}.Release|Any CPU.Build.0 = Release|Any CPU
		{9BF7AF99-3E0E-A6DC-E17E-E2CC5491D078}.Debug|Any CPU.ActiveCfg = Debug|Any CPU
		{9BF7AF99-3E0E-A6DC-E17E-E2CC5491D078}.Debug|Any CPU.Build.0 = Debug|Any CPU
		{9BF7AF99-3E0E-A6DC-E17E-E2CC5491D078}.Release|Any CPU.ActiveCfg = Release|Any CPU
		{9BF7AF99-3E0E-A6DC-E17E-E2CC5491D078}.Release|Any CPU.Build.0 = Release|Any CPU
	EndGlobalSection
	GlobalSection(SolutionProperties) = preSolution
		HideSolutionNode = FALSE
	EndGlobalSection
EndGlobal
